
Microsoft Visual Studio Solution File, Format Version 12.00
# Visual Studio Version 17
VisualStudioVersion = 17.6.33815.320
MinimumVisualStudioVersion = 10.0.40219.1
Project("{FAE04EC0-301F-11D3-BF4B-00C04F79EFBC}") = "GitDemoApp", "GitDemoApp\GitDemoApp.csproj", "{391177D3-D6CA-4F8F-822C-B5EA0653D70F}"
EndProject
Global
	GlobalSection(SolutionConfigurationPlatforms) = preSolution
		Debug|Any CPU = Debug|Any CPU
		Release|Any CPU = Release|Any CPU
	EndGlobalSection
	GlobalSection(ProjectConfigurationPlatforms) = postSolution
		{391177D3-D6CA-4F8F-822C-B5EA0653D70F}.Debug|Any CPU.ActiveCfg = Debug|Any CPU
		{391177D3-D6CA-4F8F-822C-B5EA0653D70F}.Debug|Any CPU.Build.0 = Debug|Any CPU
		{391177D3-D6CA-4F8F-822C-B5EA0653D70F}.Release|Any CPU.ActiveCfg = Release|Any CPU
		{391177D3-D6CA-4F8F-822C-B5EA0653D70F}.Release|Any CPU.Build.0 = Release|Any CPU
	EndGlobalSection
	GlobalSection(SolutionProperties) = preSolution
		HideSolutionNode = FALSE
	EndGlobalSection
	GlobalSection(ExtensibilityGlobals) = postSolution
		SolutionGuid = {12DB15AA-75A3-4730-8747-0131B4D22637}
	EndGlobalSection
EndGlobal
